# This file is automatically @generated by Cargo.
# It is not intended for manual editing.
version = 4

[[package]]
name = "ipxact-cli"
version = "0.1.0"

[[package]]
name = "ipxact-core"
version = "0.1.0"

[[package]]
name = "ipxact-operations"
version = "0.1.0"

[[package]]
name = "ipxact-validation"
version = "0.1.0"

[[package]]
name = "ipxact-xml"
version = "0.1.0"
